
Microsoft Visual Studio Solution File, Format Version 12.00
# Visual Studio Version 16
VisualStudioVersion = 16.0.30011.22
MinimumVisualStudioVersion = 10.0.40219.1
Project("{FAE04EC0-301F-11D3-BF4B-00C04F79EFBC}") = "BMS.MemoryMap", "BMS.MemoryMap\BMS.MemoryMap.csproj", "{CA35F2A8-A59C-47DD-AE05-3BE745EFC840}"
EndProject
Global
	GlobalSection(SolutionConfigurationPlatforms) = preSolution
		Debug|Any CPU = Debug|Any CPU
		Release|Any CPU = Release|Any CPU
	EndGlobalSection
	GlobalSection(ProjectConfigurationPlatforms) = postSolution
		{CA35F2A8-A59C-47DD-AE05-3BE745EFC840}.Debug|Any CPU.ActiveCfg = Debug|Any CPU
		{CA35F2A8-A59C-47DD-AE05-3BE745EFC840}.Debug|Any CPU.Build.0 = Debug|Any CPU
		{CA35F2A8-A59C-47DD-AE05-3BE745EFC840}.Release|Any CPU.ActiveCfg = Release|Any CPU
		{CA35F2A8-A59C-47DD-AE05-3BE745EFC840}.Release|Any CPU.Build.0 = Release|Any CPU
	EndGlobalSection
	GlobalSection(SolutionProperties) = preSolution
		HideSolutionNode = FALSE
	EndGlobalSection
	GlobalSection(ExtensibilityGlobals) = postSolution
		SolutionGuid = {4BE2B910-7E19-44E2-B0AD-A353ED1FD03C}
	EndGlobalSection
EndGlobal
